{
    "requires": true,
    "lockfileVersion": 1,
    "dependencies": {
        "@types/node": {
            "version": "16.9.3",
            "resolved": "https://registry.npmjs.org/@types/node/-/node-16.9.3.tgz",
            "integrity": "sha512-5UmMznRvrwKqisJ458JbNoq3AyXHxlAKMkGtNe143W1SkZ1BVgvCHYBzn7wD66J+smE+BolqA1mes5BeXlWY6w=="
        }
    }
}
